
Microsoft Visual Studio Solution File, Format Version 12.00
# Visual Studio Version 17
VisualStudioVersion = 17.1.32210.238
MinimumVisualStudioVersion = 10.0.40219.1
Project("{9A19103F-16F7-4668-BE54-9A1E7A4F7556}") = "SingleDimensionArray", "DataStructures\SingleDimensionArray.csproj", "{F5125E53-6AE0-4237-A9CF-F15EA7CF2604}"
EndProject
Global
	GlobalSection(SolutionConfigurationPlatforms) = preSolution
		Debug|Any CPU = Debug|Any CPU
		Release|Any CPU = Release|Any CPU
	EndGlobalSection
	GlobalSection(ProjectConfigurationPlatforms) = postSolution
		{F5125E53-6AE0-4237-A9CF-F15EA7CF2604}.Debug|Any CPU.ActiveCfg = Debug|Any CPU
		{F5125E53-6AE0-4237-A9CF-F15EA7CF2604}.Debug|Any CPU.Build.0 = Debug|Any CPU
		{F5125E53-6AE0-4237-A9CF-F15EA7CF2604}.Release|Any CPU.ActiveCfg = Release|Any CPU
		{F5125E53-6AE0-4237-A9CF-F15EA7CF2604}.Release|Any CPU.Build.0 = Release|Any CPU
	EndGlobalSection
	GlobalSection(SolutionProperties) = preSolution
		HideSolutionNode = FALSE
	EndGlobalSection
	GlobalSection(ExtensibilityGlobals) = postSolution
		SolutionGuid = {9748FED1-08EA-4AFE-B411-5BD2E8E1C458}
	EndGlobalSection
EndGlobal
